// !$*UTF8*$!
{
	archiveVersion = 1;
	classes = {
	};
	objectVersion = 55;
	objects = {

/* Begin PBXBuildFile section */
		EC6166B627DE3777001FD22C /* AudioService.swift in Sources */ = {isa = PBXBuildFile; fileRef = EC6166B527DE3777001FD22C /* AudioService.swift */; };
		EC6166B827DE3AF3001FD22C /* AudioPlayer.swift in Sources */ = {isa = PBXBuildFile; fileRef = EC6166B727DE3AF3001FD22C /* AudioPlayer.swift */; };
		ECB1962327DC762A0001F864 /* NearCallerApp.swift in Sources */ = {isa = PBXBuildFile; fileRef = ECB1962227DC762A0001F864 /* NearCallerApp.swift */; };
		ECB1962527DC762A0001F864 /* ContentView.swift in Sources */ = {isa = PBXBuildFile; fileRef = ECB1962427DC762A0001F864 /* ContentView.swift */; };
		ECB1962727DC762B0001F864 /* Assets.xcassets in Resources */ = {isa = PBXBuildFile; fileRef = ECB1962627DC762B0001F864 /* Assets.xcassets */; };
		ECB1962A27DC762B0001F864 /* Preview Assets.xcassets in Resources */ = {isa = PBXBuildFile; fileRef = ECB1962927DC762B0001F864 /* Preview Assets.xcassets */; };
		ECB1963127DC77610001F864 /* ViewModel.swift in Sources */ = {isa = PBXBuildFile; fileRef = ECB1963027DC77610001F864 /* ViewModel.swift */; };
		ECB1963327DC782E0001F864 /* MultiPeerService.swift in Sources */ = {isa = PBXBuildFile; fileRef = ECB1963227DC782E0001F864 /* MultiPeerService.swift */; };
		ECB1963527DC7CDC0001F864 /* AudioRecorder.swift in Sources */ = {isa = PBXBuildFile; fileRef = ECB1963427DC7CDC0001F864 /* AudioRecorder.swift */; };
/* End PBXBuildFile section */

/* Begin PBXFileReference section */
		EC6166B527DE3777001FD22C /* AudioService.swift */ = {isa = PBXFileReference; lastKnownFileType = sourcecode.swift; path = AudioService.swift; sourceTree = "<group>"; };
		EC6166B727DE3AF3001FD22C /* AudioPlayer.swift */ = {isa = PBXFileReference; lastKnownFileType = sourcecode.swift; path = AudioPlayer.swift; sourceTree = "<group>"; };
		EC6166B927DE4B8F001FD22C /* Info.plist */ = {isa = PBXFileReference; lastKnownFileType = text.plist; path = Info.plist; sourceTree = "<group>"; };
		ECB1961F27DC762A0001F864 /* NearCaller.app */ = {isa = PBXFileReference; explicitFileType = wrapper.application; includeInIndex = 0; path = NearCaller.app; sourceTree = BUILT_PRODUCTS_DIR; };
		ECB1962227DC762A0001F864 /* NearCallerApp.swift */ = {isa = PBXFileReference; lastKnownFileType = sourcecode.swift; path = NearCallerApp.swift; sourceTree = "<group>"; };
		ECB1962427DC762A0001F864 /* ContentView.swift */ = {isa = PBXFileReference; lastKnownFileType = sourcecode.swift; path = ContentView.swift; sourceTree = "<group>"; };
		ECB1962627DC762B0001F864 /* Assets.xcassets */ = {isa = PBXFileReference; lastKnownFileType = folder.assetcatalog; path = Assets.xcassets; sourceTree = "<group>"; };
		ECB1962927DC762B0001F864 /* Preview Assets.xcassets */ = {isa = PBXFileReference; lastKnownFileType = folder.assetcatalog; path = "Preview Assets.xcassets"; sourceTree = "<group>"; };
		ECB1963027DC77610001F864 /* ViewModel.swift */ = {isa = PBXFileReference; lastKnownFileType = sourcecode.swift; path = ViewModel.swift; sourceTree = "<group>"; };
		ECB1963227DC782E0001F864 /* MultiPeerService.swift */ = {isa = PBXFileReference; lastKnownFileType = sourcecode.swift; path = MultiPeerService.swift; sourceTree = "<group>"; };
		ECB1963427DC7CDC0001F864 /* AudioRecorder.swift */ = {isa = PBXFileReference; lastKnownFileType = sourcecode.swift; path = AudioRecorder.swift; sourceTree = "<group>"; };
/* End PBXFileReference section */

/* Begin PBXFrameworksBuildPhase section */
		ECB1961C27DC762A0001F864 /* Frameworks */ = {
			isa = PBXFrameworksBuildPhase;
			buildActionMask = 2147483647;
			files = (
			);
			runOnlyForDeploymentPostprocessing = 0;
		};
/* End PBXFrameworksBuildPhase section */

/* Begin PBXGroup section */
		ECB1961627DC762A0001F864 = {
			isa = PBXGroup;
			children = (
				ECB1962127DC762A0001F864 /* NearCaller */,
				ECB1962027DC762A0001F864 /* Products */,
			);
			sourceTree = "<group>";
		};
		ECB1962027DC762A0001F864 /* Products */ = {
			isa = PBXGroup;
			children = (
				ECB1961F27DC762A0001F864 /* NearCaller.app */,
			);
			name = Products;
			sourceTree = "<group>";
		};
		ECB1962127DC762A0001F864 /* NearCaller */ = {
			isa = PBXGroup;
			children = (
				EC6166B927DE4B8F001FD22C /* Info.plist */,
				ECB1962227DC762A0001F864 /* NearCallerApp.swift */,
				ECB1962427DC762A0001F864 /* ContentView.swift */,
				ECB1963027DC77610001F864 /* ViewModel.swift */,
				ECB1963427DC7CDC0001F864 /* AudioRecorder.swift */,
				EC6166B727DE3AF3001FD22C /* AudioPlayer.swift */,
				EC6166B527DE3777001FD22C /* AudioService.swift */,
				ECB1963227DC782E0001F864 /* MultiPeerService.swift */,
				ECB1962627DC762B0001F864 /* Assets.xcassets */,
				ECB1962827DC762B0001F864 /* Preview Content */,
			);
			path = NearCaller;
			sourceTree = "<group>";
		};
		ECB1962827DC762B0001F864 /* Preview Content */ = {
			isa = PBXGroup;
			children = (
				ECB1962927DC762B0001F864 /* Preview Assets.xcassets */,
			);
			path = "Preview Content";
			sourceTree = "<group>";
		};
/* End PBXGroup section */

/* Begin PBXNativeTarget section */
		ECB1961E27DC762A0001F864 /* NearCaller */ = {
			isa = PBXNativeTarget;
			buildConfigurationList = ECB1962D27DC762B0001F864 /* Build configuration list for PBXNativeTarget "NearCaller" */;
			buildPhases = (
				ECB1961B27DC762A0001F864 /* Sources */,
				ECB1961C27DC762A0001F864 /* Frameworks */,
				ECB1961D27DC762A0001F864 /* Resources */,
			);
			buildRules = (
			);
			dependencies = (
			);
			name = NearCaller;
			productName = NearCaller;
			productReference = ECB1961F27DC762A0001F864 /* NearCaller.app */;
			productType = "com.apple.product-type.application";
		};
/* End PBXNativeTarget section */

/* Begin PBXProject section */
		ECB1961727DC762A0001F864 /* Project object */ = {
			isa = PBXProject;
			attributes = {
				BuildIndependentTargetsInParallel = 1;
				LastSwiftUpdateCheck = 1330;
				LastUpgradeCheck = 1330;
				TargetAttributes = {
					ECB1961E27DC762A0001F864 = {
						CreatedOnToolsVersion = 13.3;
					};
				};
			};
			buildConfigurationList = ECB1961A27DC762A0001F864 /* Build configuration list for PBXProject "NearCaller" */;
			compatibilityVersion = "Xcode 13.0";
			developmentRegion = en;
			hasScannedForEncodings = 0;
			knownRegions = (
				en,
				Base,
			);
			mainGroup = ECB1961627DC762A0001F864;
			productRefGroup = ECB1962027DC762A0001F864 /* Products */;
			projectDirPath = "";
			projectRoot = "";
			targets = (
				ECB1961E27DC762A0001F864 /* NearCaller */,
			);
		};
/* End PBXProject section */

/* Begin PBXResourcesBuildPhase section */
		ECB1961D27DC762A0001F864 /* Resources */ = {
			isa = PBXResourcesBuildPhase;
			buildActionMask = 2147483647;
			files = (
				ECB1962A27DC762B0001F864 /* Preview Assets.xcassets in Resources */,
				ECB1962727DC762B0001F864 /* Assets.xcassets in Resources */,
			);
			runOnlyForDeploymentPostprocessing = 0;
		};
/* End PBXResourcesBuildPhase section */

/* Begin PBXSourcesBuildPhase section */
		ECB1961B27DC762A0001F864 /* Sources */ = {
			isa = PBXSourcesBuildPhase;
			buildActionMask = 2147483647;
			files = (
				ECB1963527DC7CDC0001F864 /* AudioRecorder.swift in Sources */,
				ECB1962527DC762A0001F864 /* ContentView.swift in Sources */,
				EC6166B627DE3777001FD22C /* AudioService.swift in Sources */,
				ECB1963327DC782E0001F864 /* MultiPeerService.swift in Sources */,
				ECB1963127DC77610001F864 /* ViewModel.swift in Sources */,
				ECB1962327DC762A0001F864 /* NearCallerApp.swift in Sources */,
				EC6166B827DE3AF3001FD22C /* AudioPlayer.swift in Sources */,
			);
			runOnlyForDeploymentPostprocessing = 0;
		};
/* End PBXSourcesBuildPhase section */

/* Begin XCBuildConfiguration section */
		ECB1962B27DC762B0001F864 /* Debug */ = {
			isa = XCBuildConfiguration;
			buildSettings = {
				ALWAYS_SEARCH_USER_PATHS = NO;
				CLANG_ANALYZER_NONNULL = YES;
				CLANG_ANALYZER_NUMBER_OBJECT_CONVERSION = YES_AGGRESSIVE;
				CLANG_CXX_LANGUAGE_STANDARD = "gnu++17";
				CLANG_ENABLE_MODULES = YES;
				CLANG_ENABLE_OBJC_ARC = YES;
				CLANG_ENABLE_OBJC_WEAK = YES;
				CLANG_WARN_BLOCK_CAPTURE_AUTORELEASING = YES;
				CLANG_WARN_BOOL_CONVERSION = YES;
				CLANG_WARN_COMMA = YES;
				CLANG_WARN_CONSTANT_CONVERSION = YES;
				CLANG_WARN_DEPRECATED_OBJC_IMPLEMENTATIONS = YES;
				CLANG_WARN_DIRECT_OBJC_ISA_USAGE = YES_ERROR;
				CLANG_WARN_DOCUMENTATION_COMMENTS = YES;
				CLANG_WARN_EMPTY_BODY = YES;
				CLANG_WARN_ENUM_CONVERSION = YES;
				CLANG_WARN_INFINITE_RECURSION = YES;
				CLANG_WARN_INT_CONVERSION = YES;
				CLANG_WARN_NON_LITERAL_NULL_CONVERSION = YES;
				CLANG_WARN_OBJC_IMPLICIT_RETAIN_SELF = YES;
				CLANG_WARN_OBJC_LITERAL_CONVERSION = YES;
				CLANG_WARN_OBJC_ROOT_CLASS = YES_ERROR;
				CLANG_WARN_QUOTED_INCLUDE_IN_FRAMEWORK_HEADER = YES;
				CLANG_WARN_RANGE_LOOP_ANALYSIS = YES;
				CLANG_WARN_STRICT_PROTOTYPES = YES;
				CLANG_WARN_SUSPICIOUS_MOVE = YES;
				CLANG_WARN_UNGUARDED_AVAILABILITY = YES_AGGRESSIVE;
				CLANG_WARN_UNREACHABLE_CODE = YES;
				CLANG_WARN__DUPLICATE_METHOD_MATCH = YES;
				COPY_PHASE_STRIP = NO;
				DEBUG_INFORMATION_FORMAT = dwarf;
				ENABLE_STRICT_OBJC_MSGSEND = YES;
				ENABLE_TESTABILITY = YES;
				GCC_C_LANGUAGE_STANDARD = gnu11;
				GCC_DYNAMIC_NO_PIC = NO;
				GCC_NO_COMMON_BLOCKS = YES;
				GCC_OPTIMIZATION_LEVEL = 0;
				GCC_PREPROCESSOR_DEFINITIONS = (
					"DEBUG=1",
					"$(inherited)",
				);
				GCC_WARN_64_TO_32_BIT_CONVERSION = YES;
				GCC_WARN_ABOUT_RETURN_TYPE = YES_ERROR;
				GCC_WARN_UNDECLARED_SELECTOR = YES;
				GCC_WARN_UNINITIALIZED_AUTOS = YES_AGGRESSIVE;
				GCC_WARN_UNUSED_FUNCTION = YES;
				GCC_WARN_UNUSED_VARIABLE = YES;
				IPHONEOS_DEPLOYMENT_TARGET = 15.4;
				MTL_ENABLE_DEBUG_INFO = INCLUDE_SOURCE;
				MTL_FAST_MATH = YES;
				ONLY_ACTIVE_ARCH = YES;
				SDKROOT = iphoneos;
				SWIFT_ACTIVE_COMPILATION_CONDITIONS = DEBUG;
				SWIFT_OPTIMIZATION_LEVEL = "-Onone";
			};
			name = Debug;
		};
		ECB1962C27DC762B0001F864 /* Release */ = {
			isa = XCBuildConfiguration;
			buildSettings = {
				ALWAYS_SEARCH_USER_PATHS = NO;
				CLANG_ANALYZER_NONNULL = YES;
				CLANG_ANALYZER_NUMBER_OBJECT_CONVERSION = YES_AGGRESSIVE;
				CLANG_CXX_LANGUAGE_STANDARD = "gnu++17";
				CLANG_ENABLE_MODULES = YES;
				CLANG_ENABLE_OBJC_ARC = YES;
				CLANG_ENABLE_OBJC_WEAK = YES;
				CLANG_WARN_BLOCK_CAPTURE_AUTORELEASING = YES;
				CLANG_WARN_BOOL_CONVERSION = YES;
				CLANG_WARN_COMMA = YES;
				CLANG_WARN_CONSTANT_CONVERSION = YES;
				CLANG_WARN_DEPRECATED_OBJC_IMPLEMENTATIONS = YES;
				CLANG_WARN_DIRECT_OBJC_ISA_USAGE = YES_ERROR;
				CLANG_WARN_DOCUMENTATION_COMMENTS = YES;
				CLANG_WARN_EMPTY_BODY = YES;
				CLANG_WARN_ENUM_CONVERSION = YES;
				CLANG_WARN_INFINITE_RECURSION = YES;
				CLANG_WARN_INT_CONVERSION = YES;
				CLANG_WARN_NON_LITERAL_NULL_CONVERSION = YES;
				CLANG_WARN_OBJC_IMPLICIT_RETAIN_SELF = YES;
				CLANG_WARN_OBJC_LITERAL_CONVERSION = YES;
				CLANG_WARN_OBJC_ROOT_CLASS = YES_ERROR;
				CLANG_WARN_QUOTED_INCLUDE_IN_FRAMEWORK_HEADER = YES;
				CLANG_WARN_RANGE_LOOP_ANALYSIS = YES;
				CLANG_WARN_STRICT_PROTOTYPES = YES;
				CLANG_WARN_SUSPICIOUS_MOVE = YES;
				CLANG_WARN_UNGUARDED_AVAILABILITY = YES_AGGRESSIVE;
				CLANG_WARN_UNREACHABLE_CODE = YES;
				CLANG_WARN__DUPLICATE_METHOD_MATCH = YES;
				COPY_PHASE_STRIP = NO;
				DEBUG_INFORMATION_FORMAT = "dwarf-with-dsym";
				ENABLE_NS_ASSERTIONS = NO;
				ENABLE_STRICT_OBJC_MSGSEND = YES;
				GCC_C_LANGUAGE_STANDARD = gnu11;
				GCC_NO_COMMON_BLOCKS = YES;
				GCC_WARN_64_TO_32_BIT_CONVERSION = YES;
				GCC_WARN_ABOUT_RETURN_TYPE = YES_ERROR;
				GCC_WARN_UNDECLARED_SELECTOR = YES;
				GCC_WARN_UNINITIALIZED_AUTOS = YES_AGGRESSIVE;
				GCC_WARN_UNUSED_FUNCTION = YES;
				GCC_WARN_UNUSED_VARIABLE = YES;
				IPHONEOS_DEPLOYMENT_TARGET = 15.4;
				MTL_ENABLE_DEBUG_INFO = NO;
				MTL_FAST_MATH = YES;
				SDKROOT = iphoneos;
				SWIFT_COMPILATION_MODE = wholemodule;
				SWIFT_OPTIMIZATION_LEVEL = "-O";
				VALIDATE_PRODUCT = YES;
			};
			name = Release;
		};
		ECB1962E27DC762B0001F864 /* Debug */ = {
			isa = XCBuildConfiguration;
			buildSettings = {
				ASSETCATALOG_COMPILER_APPICON_NAME = AppIcon;
				ASSETCATALOG_COMPILER_GLOBAL_ACCENT_COLOR_NAME = AccentColor;
				CODE_SIGN_STYLE = Automatic;
				CURRENT_PROJECT_VERSION = 1;
				DEVELOPMENT_ASSET_PATHS = "\"NearCaller/Preview Content\"";
				DEVELOPMENT_TEAM = 6738W22WDM;
				ENABLE_PREVIEWS = YES;
				GENERATE_INFOPLIST_FILE = YES;
				INFOPLIST_FILE = NearCaller/Info.plist;
				INFOPLIST_KEY_NSLocalNetworkUsageDescription = "This is needed to exchange data with nearby devices";
				INFOPLIST_KEY_NSMicrophoneUsageDescription = "To use data from microphone";
				INFOPLIST_KEY_UIApplicationSceneManifest_Generation = YES;
				INFOPLIST_KEY_UIApplicationSupportsIndirectInputEvents = YES;
				INFOPLIST_KEY_UILaunchScreen_Generation = YES;
				INFOPLIST_KEY_UISupportedInterfaceOrientations_iPad = "UIInterfaceOrientationPortrait UIInterfaceOrientationPortraitUpsideDown UIInterfaceOrientationLandscapeLeft UIInterfaceOrientationLandscapeRight";
				INFOPLIST_KEY_UISupportedInterfaceOrientations_iPhone = "UIInterfaceOrientationPortrait UIInterfaceOrientationLandscapeLeft UIInterfaceOrientationLandscapeRight";
				IPHONEOS_DEPLOYMENT_TARGET = 15.3;
				LD_RUNPATH_SEARCH_PATHS = (
					"$(inherited)",
					"@executable_path/Frameworks",
				);
				MARKETING_VERSION = 1.0;
				PRODUCT_BUNDLE_IDENTIFIER = com.adincebic.nearcaller.NearCaller;
				PRODUCT_NAME = "$(TARGET_NAME)";
				SWIFT_EMIT_LOC_STRINGS = YES;
				SWIFT_VERSION = 5.0;
				TARGETED_DEVICE_FAMILY = "1,2";
			};
			name = Debug;
		};
		ECB1962F27DC762B0001F864 /* Release */ = {
			isa = XCBuildConfiguration;
			buildSettings = {
				ASSETCATALOG_COMPILER_APPICON_NAME = AppIcon;
				ASSETCATALOG_COMPILER_GLOBAL_ACCENT_COLOR_NAME = AccentColor;
				CODE_SIGN_STYLE = Automatic;
				CURRENT_PROJECT_VERSION = 1;
				DEVELOPMENT_ASSET_PATHS = "\"NearCaller/Preview Content\"";
				DEVELOPMENT_TEAM = 6738W22WDM;
				ENABLE_PREVIEWS = YES;
				GENERATE_INFOPLIST_FILE = YES;
				INFOPLIST_FILE = NearCaller/Info.plist;
				INFOPLIST_KEY_NSLocalNetworkUsageDescription = "This is needed to exchange data with nearby devices";
				INFOPLIST_KEY_NSMicrophoneUsageDescription = "To use data from microphone";
				INFOPLIST_KEY_UIApplicationSceneManifest_Generation = YES;
				INFOPLIST_KEY_UIApplicationSupportsIndirectInputEvents = YES;
				INFOPLIST_KEY_UILaunchScreen_Generation = YES;
				INFOPLIST_KEY_UISupportedInterfaceOrientations_iPad = "UIInterfaceOrientationPortrait UIInterfaceOrientationPortraitUpsideDown UIInterfaceOrientationLandscapeLeft UIInterfaceOrientationLandscapeRight";
				INFOPLIST_KEY_UISupportedInterfaceOrientations_iPhone = "UIInterfaceOrientationPortrait UIInterfaceOrientationLandscapeLeft UIInterfaceOrientationLandscapeRight";
				IPHONEOS_DEPLOYMENT_TARGET = 15.3;
				LD_RUNPATH_SEARCH_PATHS = (
					"$(inherited)",
					"@executable_path/Frameworks",
				);
				MARKETING_VERSION = 1.0;
				PRODUCT_BUNDLE_IDENTIFIER = com.adincebic.nearcaller.NearCaller;
				PRODUCT_NAME = "$(TARGET_NAME)";
				SWIFT_EMIT_LOC_STRINGS = YES;
				SWIFT_VERSION = 5.0;
				TARGETED_DEVICE_FAMILY = "1,2";
			};
			name = Release;
		};
/* End XCBuildConfiguration section */

/* Begin XCConfigurationList section */
		ECB1961A27DC762A0001F864 /* Build configuration list for PBXProject "NearCaller" */ = {
			isa = XCConfigurationList;
			buildConfigurations = (
				ECB1962B27DC762B0001F864 /* Debug */,
				ECB1962C27DC762B0001F864 /* Release */,
			);
			defaultConfigurationIsVisible = 0;
			defaultConfigurationName = Release;
		};
		ECB1962D27DC762B0001F864 /* Build configuration list for PBXNativeTarget "NearCaller" */ = {
			isa = XCConfigurationList;
			buildConfigurations = (
				ECB1962E27DC762B0001F864 /* Debug */,
				ECB1962F27DC762B0001F864 /* Release */,
			);
			defaultConfigurationIsVisible = 0;
			defaultConfigurationName = Release;
		};
/* End XCConfigurationList section */
	};
	rootObject = ECB1961727DC762A0001F864 /* Project object */;
}
